Microsoft Visual Studio Solution File, Format Version 12.00
# Visual Studio Version 17
VisualStudioVersion = 17.13.35617.110
MinimumVisualStudioVersion = 10.0.40219.1
Project("{2150E333-8FDC-42A3-9474-1A3956D46DE8}") = "solution", "solution", "{36D591C7-65C7-A0D1-1CBC-10CDE441BDA3}"
	ProjectSection(SolutionItems) = preProject
		.editorconfig = .editorconfig
		.gitattributes = .gitattributes
		.gitignore = .gitignore
		.markdownlint.json = .markdownlint.json
		.markdownlintignore = .markdownlintignore
		LICENSE.txt = LICENSE.txt
		Readme.md = Readme.md
		spelling.dic = spelling.dic
	EndProjectSection
EndProject
Project("{2150E333-8FDC-42A3-9474-1A3956D46DE8}") = ".github", ".github", "{36D591C7-65C7-A0D1-1CBC-10CDE441BDA4}"
	ProjectSection(SolutionItems) = preProject
		.github\dependabot.yml = .github\dependabot.yml
	EndProjectSection
EndProject
Project("{2150E333-8FDC-42A3-9474-1A3956D46DE8}") = "workflows", "workflows", "{36D591C7-65C7-A0D1-1CBC-10CDE441BDA5}"
	ProjectSection(SolutionItems) = preProject
		.github\workflows\markdownlint-problem-matcher.json = .github\workflows\markdownlint-problem-matcher.json
	EndProjectSection
EndProject
Project("{2150E333-8FDC-42A3-9474-1A3956D46DE8}") = "src", "src", "{827E0CD3-B72D-47B6-A68D-7590B98EB39B}"
EndProject
Project("{2150E333-8FDC-42A3-9474-1A3956D46DE8}") = "clients", "clients", "{36D591C7-65C7-A0D1-1CBC-10CDE441BCC8}"
EndProject
Project("{FAE04EC0-301F-11D3-BF4B-00C04F79EFBC}") = "halo-of-darkness-client-console", "src\clients\halo-of-darkness-client-console\halo-of-darkness-client-console.csproj", "{020CD8DD-0490-48E6-8C0B-D14726103EAC}"
EndProject
Project("{2150E333-8FDC-42A3-9474-1A3956D46DE8}") = "servers", "servers", "{CC80CF82-095A-9A70-E4AA-4F39E72E717A}"
EndProject
Project("{FAE04EC0-301F-11D3-BF4B-00C04F79EFBC}") = "halo-of-darkness-server", "src\servers\halo-of-darkness-server\halo-of-darkness-server.csproj", "{8BFCC2C4-2889-4BD5-B5A3-D32FE603146A}"
EndProject
Project("{FAE04EC0-301F-11D3-BF4B-00C04F79EFBC}") = "halo-of-darkness-server-application", "src\servers\halo-of-darkness-server-application\halo-of-darkness-server-application.csproj", "{C5C7021C-C9B4-4DC0-8831-CCAE4F07F761}"
EndProject
Project("{FAE04EC0-301F-11D3-BF4B-00C04F79EFBC}") = "halo-of-darkness-server-configuration", "src\servers\halo-of-darkness-server-configuration\halo-of-darkness-server-configuration.csproj", "{AF995500-80E4-49CD-AA29-267CC819308B}"
EndProject
Project("{FAE04EC0-301F-11D3-BF4B-00C04F79EFBC}") = "halo-of-darkness-server-infrastructure", "src\servers\halo-of-darkness-server-infrastructure\halo-of-darkness-server-infrastructure.csproj", "{4A94A900-5BAF-4518-87C4-CF424BF1E11C}"
EndProject
Project("{2150E333-8FDC-42A3-9474-1A3956D46DE8}") = "shared", "shared", "{61841393-3188-E9D6-B5C2-EFF3A07DA07F}"
EndProject
Project("{FAE04EC0-301F-11D3-BF4B-00C04F79EFBC}") = "halo-of-darkness-shared-exceptions", "src\shared\halo-of-darkness-shared-exceptions\halo-of-darkness-shared-exceptions.csproj", "{5B318AD5-C1CD-42C6-A464-E38E8AD4B274}"
EndProject
Project("{FAE04EC0-301F-11D3-BF4B-00C04F79EFBC}") = "halo-of-darkness-shared-grpc-protos", "src\shared\halo-of-darkness-shared-grpc-protos\halo-of-darkness-shared-grpc-protos.csproj", "{27CA4A0F-DE8C-4AC9-9A3D-7EDD326C6704}"
EndProject
Project("{2150E333-8FDC-42A3-9474-1A3956D46DE8}") = "tests", "tests", "{36D591C7-65C7-A0D1-1CBC-10CDE441BDD0}"
EndProject
Project("{2150E333-8FDC-42A3-9474-1A3956D46DE8}") = "clients", "clients", "{4C762EA4-0E13-740B-DC3E-658682866858}"
EndProject
Project("{2150E333-8FDC-42A3-9474-1A3956D46DE8}") = "servers", "servers", "{36D591C7-65C7-A0D1-1CBC-10CDE441ADC8}"
EndProject
Project("{2150E333-8FDC-42A3-9474-1A3956D46DE8}") = "shared", "shared", "{36D591C7-65C7-A0D1-1CBC-10CDE441AFC8}"
EndProject
Project("{FAE04EC0-301F-11D3-BF4B-00C04F79EFBC}") = "halo-of-darkness-shared-exceptions-tests", "tests\shared\halo-of-darkness-shared-exceptions-tests\halo-of-darkness-shared-exceptions-tests.csproj", "{CD943F89-D13A-49A3-8159-2D725268FE9F}"
EndProject
Project("{2150E333-8FDC-42A3-9474-1A3956D46DE8}") = "unity-libs", "unity-libs", "{36D591C7-65C7-A0D1-1CBC-10CDE441BDC0}"
EndProject
Project("{FAE04EC0-301F-11D3-BF4B-00C04F79EFBC}") = "grpc-libs", "unity-libs\grpc-libs\grpc-libs.csproj", "{DAB4A1CE-EB5C-9EF9-20D9-8F6147741A92}"
EndProject
Project("{FAE04EC0-301F-11D3-BF4B-00C04F79EFBC}") = "halo-of-darkness-server-grpc-services", "src\servers\halo-of-darkness-server-grpc-services\halo-of-darkness-server-grpc-services.csproj", "{727CB5C2-6088-4755-A52E-F874D515CE07}"
EndProject
Project("{2150E333-8FDC-42A3-9474-1A3956D46DE8}") = "aspire", "aspire", "{36D591C7-65C7-A0D1-1CBC-10CDE441BDC8}"
EndProject
Project("{FAE04EC0-301F-11D3-BF4B-00C04F79EFBC}") = "app-host", "src\aspire\app-host\app-host.csproj", "{A31B6C83-82D8-43CC-9BF6-64B28A8AE764}"
EndProject
Project("{FAE04EC0-301F-11D3-BF4B-00C04F79EFBC}") = "service-defaults", "src\aspire\service-defaults\service-defaults.csproj", "{A6B75DA9-A0D5-4260-AE73-E480F3BBD0FE}"
EndProject
Project("{2150E333-8FDC-42A3-9474-1A3956D46DE8}") = "common", "common", "{7B842D42-86CB-4D44-8A1D-2C96C9998F7C}"
EndProject
Project("{FAE04EC0-301F-11D3-BF4B-00C04F79EFBC}") = "halo-of-darkness-unit-tests-abstraction", "tests\common\halo-of-darkness-unit-tests-abstraction\halo-of-darkness-unit-tests-abstraction.csproj", "{4DD30EA8-494E-4271-AEF3-FD5A66931E7D}"
EndProject
Project("{FAE04EC0-301F-11D3-BF4B-00C04F79EFBC}") = "halo-of-darkness-integration-tests-abstraction", "tests\common\halo-of-darkness-integration-tests-abstraction\halo-of-darkness-integration-tests-abstraction.csproj", "{C9FECD20-2A9B-4F99-9270-5AFD129274E2}"
EndProject
Project("{FAE04EC0-301F-11D3-BF4B-00C04F79EFBC}") = "halo-of-darkness-functional-tests-abstraction", "tests\common\halo-of-darkness-functional-tests-abstraction\halo-of-darkness-functional-tests-abstraction.csproj", "{A25B49F1-DEE6-4261-B73F-9D7A858B0A84}"
EndProject
Global
	GlobalSection(SolutionConfigurationPlatforms) = preSolution
		Debug|Any CPU = Debug|Any CPU
		Release|Any CPU = Release|Any CPU
	EndGlobalSection
	GlobalSection(ProjectConfigurationPlatforms) = postSolution
		{020CD8DD-0490-48E6-8C0B-D14726103EAC}.Debug|Any CPU.ActiveCfg = Debug|Any CPU
		{020CD8DD-0490-48E6-8C0B-D14726103EAC}.Debug|Any CPU.Build.0 = Debug|Any CPU
		{020CD8DD-0490-48E6-8C0B-D14726103EAC}.Release|Any CPU.ActiveCfg = Release|Any CPU
		{020CD8DD-0490-48E6-8C0B-D14726103EAC}.Release|Any CPU.Build.0 = Release|Any CPU
		{8BFCC2C4-2889-4BD5-B5A3-D32FE603146A}.Debug|Any CPU.ActiveCfg = Debug|Any CPU
		{8BFCC2C4-2889-4BD5-B5A3-D32FE603146A}.Debug|Any CPU.Build.0 = Debug|Any CPU
		{8BFCC2C4-2889-4BD5-B5A3-D32FE603146A}.Release|Any CPU.ActiveCfg = Release|Any CPU
		{8BFCC2C4-2889-4BD5-B5A3-D32FE603146A}.Release|Any CPU.Build.0 = Release|Any CPU
		{C5C7021C-C9B4-4DC0-8831-CCAE4F07F761}.Debug|Any CPU.ActiveCfg = Debug|Any CPU
		{C5C7021C-C9B4-4DC0-8831-CCAE4F07F761}.Debug|Any CPU.Build.0 = Debug|Any CPU
		{C5C7021C-C9B4-4DC0-8831-CCAE4F07F761}.Release|Any CPU.ActiveCfg = Release|Any CPU
		{C5C7021C-C9B4-4DC0-8831-CCAE4F07F761}.Release|Any CPU.Build.0 = Release|Any CPU
		{AF995500-80E4-49CD-AA29-267CC819308B}.Debug|Any CPU.ActiveCfg = Debug|Any CPU
		{AF995500-80E4-49CD-AA29-267CC819308B}.Debug|Any CPU.Build.0 = Debug|Any CPU
		{AF995500-80E4-49CD-AA29-267CC819308B}.Release|Any CPU.ActiveCfg = Release|Any CPU
		{AF995500-80E4-49CD-AA29-267CC819308B}.Release|Any CPU.Build.0 = Release|Any CPU
		{4A94A900-5BAF-4518-87C4-CF424BF1E11C}.Debug|Any CPU.ActiveCfg = Debug|Any CPU
		{4A94A900-5BAF-4518-87C4-CF424BF1E11C}.Debug|Any CPU.Build.0 = Debug|Any CPU
		{4A94A900-5BAF-4518-87C4-CF424BF1E11C}.Release|Any CPU.ActiveCfg = Release|Any CPU
		{4A94A900-5BAF-4518-87C4-CF424BF1E11C}.Release|Any CPU.Build.0 = Release|Any CPU
		{5B318AD5-C1CD-42C6-A464-E38E8AD4B274}.Debug|Any CPU.ActiveCfg = Debug|Any CPU
		{5B318AD5-C1CD-42C6-A464-E38E8AD4B274}.Debug|Any CPU.Build.0 = Debug|Any CPU
		{5B318AD5-C1CD-42C6-A464-E38E8AD4B274}.Release|Any CPU.ActiveCfg = Release|Any CPU
		{5B318AD5-C1CD-42C6-A464-E38E8AD4B274}.Release|Any CPU.Build.0 = Release|Any CPU
		{27CA4A0F-DE8C-4AC9-9A3D-7EDD326C6704}.Debug|Any CPU.ActiveCfg = Debug|Any CPU
		{27CA4A0F-DE8C-4AC9-9A3D-7EDD326C6704}.Debug|Any CPU.Build.0 = Debug|Any CPU
		{27CA4A0F-DE8C-4AC9-9A3D-7EDD326C6704}.Release|Any CPU.ActiveCfg = Release|Any CPU
		{27CA4A0F-DE8C-4AC9-9A3D-7EDD326C6704}.Release|Any CPU.Build.0 = Release|Any CPU
		{CD943F89-D13A-49A3-8159-2D725268FE9F}.Debug|Any CPU.ActiveCfg = Debug|Any CPU
		{CD943F89-D13A-49A3-8159-2D725268FE9F}.Debug|Any CPU.Build.0 = Debug|Any CPU
		{CD943F89-D13A-49A3-8159-2D725268FE9F}.Release|Any CPU.ActiveCfg = Release|Any CPU
		{CD943F89-D13A-49A3-8159-2D725268FE9F}.Release|Any CPU.Build.0 = Release|Any CPU
		{DAB4A1CE-EB5C-9EF9-20D9-8F6147741A92}.Debug|Any CPU.ActiveCfg = Debug|Any CPU
		{DAB4A1CE-EB5C-9EF9-20D9-8F6147741A92}.Debug|Any CPU.Build.0 = Debug|Any CPU
		{DAB4A1CE-EB5C-9EF9-20D9-8F6147741A92}.Release|Any CPU.ActiveCfg = Release|Any CPU
		{DAB4A1CE-EB5C-9EF9-20D9-8F6147741A92}.Release|Any CPU.Build.0 = Release|Any CPU
		{727CB5C2-6088-4755-A52E-F874D515CE07}.Debug|Any CPU.ActiveCfg = Debug|Any CPU
		{727CB5C2-6088-4755-A52E-F874D515CE07}.Debug|Any CPU.Build.0 = Debug|Any CPU
		{727CB5C2-6088-4755-A52E-F874D515CE07}.Release|Any CPU.ActiveCfg = Release|Any CPU
		{727CB5C2-6088-4755-A52E-F874D515CE07}.Release|Any CPU.Build.0 = Release|Any CPU
		{A31B6C83-82D8-43CC-9BF6-64B28A8AE764}.Debug|Any CPU.ActiveCfg = Debug|Any CPU
		{A31B6C83-82D8-43CC-9BF6-64B28A8AE764}.Debug|Any CPU.Build.0 = Debug|Any CPU
		{A31B6C83-82D8-43CC-9BF6-64B28A8AE764}.Release|Any CPU.ActiveCfg = Release|Any CPU
		{A31B6C83-82D8-43CC-9BF6-64B28A8AE764}.Release|Any CPU.Build.0 = Release|Any CPU
		{A6B75DA9-A0D5-4260-AE73-E480F3BBD0FE}.Debug|Any CPU.ActiveCfg = Debug|Any CPU
		{A6B75DA9-A0D5-4260-AE73-E480F3BBD0FE}.Debug|Any CPU.Build.0 = Debug|Any CPU
		{A6B75DA9-A0D5-4260-AE73-E480F3BBD0FE}.Release|Any CPU.ActiveCfg = Release|Any CPU
		{A6B75DA9-A0D5-4260-AE73-E480F3BBD0FE}.Release|Any CPU.Build.0 = Release|Any CPU
		{4DD30EA8-494E-4271-AEF3-FD5A66931E7D}.Debug|Any CPU.ActiveCfg = Debug|Any CPU
		{4DD30EA8-494E-4271-AEF3-FD5A66931E7D}.Debug|Any CPU.Build.0 = Debug|Any CPU
		{4DD30EA8-494E-4271-AEF3-FD5A66931E7D}.Release|Any CPU.ActiveCfg = Release|Any CPU
		{4DD30EA8-494E-4271-AEF3-FD5A66931E7D}.Release|Any CPU.Build.0 = Release|Any CPU
		{C9FECD20-2A9B-4F99-9270-5AFD129274E2}.Debug|Any CPU.ActiveCfg = Debug|Any CPU
		{C9FECD20-2A9B-4F99-9270-5AFD129274E2}.Debug|Any CPU.Build.0 = Debug|Any CPU
		{C9FECD20-2A9B-4F99-9270-5AFD129274E2}.Release|Any CPU.ActiveCfg = Release|Any CPU
		{C9FECD20-2A9B-4F99-9270-5AFD129274E2}.Release|Any CPU.Build.0 = Release|Any CPU
		{A25B49F1-DEE6-4261-B73F-9D7A858B0A84}.Debug|Any CPU.ActiveCfg = Debug|Any CPU
		{A25B49F1-DEE6-4261-B73F-9D7A858B0A84}.Debug|Any CPU.Build.0 = Debug|Any CPU
		{A25B49F1-DEE6-4261-B73F-9D7A858B0A84}.Release|Any CPU.ActiveCfg = Release|Any CPU
		{A25B49F1-DEE6-4261-B73F-9D7A858B0A84}.Release|Any CPU.Build.0 = Release|Any CPU
	EndGlobalSection
	GlobalSection(SolutionProperties) = preSolution
		HideSolutionNode = FALSE
	EndGlobalSection
	GlobalSection(NestedProjects) = preSolution
		{36D591C7-65C7-A0D1-1CBC-10CDE441BDA4} = {36D591C7-65C7-A0D1-1CBC-10CDE441BDA3}
		{36D591C7-65C7-A0D1-1CBC-10CDE441BDA5} = {36D591C7-65C7-A0D1-1CBC-10CDE441BDA4}
		{36D591C7-65C7-A0D1-1CBC-10CDE441BCC8} = {827E0CD3-B72D-47B6-A68D-7590B98EB39B}
		{020CD8DD-0490-48E6-8C0B-D14726103EAC} = {36D591C7-65C7-A0D1-1CBC-10CDE441BCC8}
		{CC80CF82-095A-9A70-E4AA-4F39E72E717A} = {827E0CD3-B72D-47B6-A68D-7590B98EB39B}
		{8BFCC2C4-2889-4BD5-B5A3-D32FE603146A} = {CC80CF82-095A-9A70-E4AA-4F39E72E717A}
		{C5C7021C-C9B4-4DC0-8831-CCAE4F07F761} = {CC80CF82-095A-9A70-E4AA-4F39E72E717A}
		{AF995500-80E4-49CD-AA29-267CC819308B} = {CC80CF82-095A-9A70-E4AA-4F39E72E717A}
		{4A94A900-5BAF-4518-87C4-CF424BF1E11C} = {CC80CF82-095A-9A70-E4AA-4F39E72E717A}
		{61841393-3188-E9D6-B5C2-EFF3A07DA07F} = {827E0CD3-B72D-47B6-A68D-7590B98EB39B}
		{5B318AD5-C1CD-42C6-A464-E38E8AD4B274} = {61841393-3188-E9D6-B5C2-EFF3A07DA07F}
		{27CA4A0F-DE8C-4AC9-9A3D-7EDD326C6704} = {61841393-3188-E9D6-B5C2-EFF3A07DA07F}
		{4C762EA4-0E13-740B-DC3E-658682866858} = {36D591C7-65C7-A0D1-1CBC-10CDE441BDD0}
		{36D591C7-65C7-A0D1-1CBC-10CDE441ADC8} = {36D591C7-65C7-A0D1-1CBC-10CDE441BDD0}
		{36D591C7-65C7-A0D1-1CBC-10CDE441AFC8} = {36D591C7-65C7-A0D1-1CBC-10CDE441BDD0}
		{CD943F89-D13A-49A3-8159-2D725268FE9F} = {36D591C7-65C7-A0D1-1CBC-10CDE441AFC8}
		{DAB4A1CE-EB5C-9EF9-20D9-8F6147741A92} = {36D591C7-65C7-A0D1-1CBC-10CDE441BDC0}
		{727CB5C2-6088-4755-A52E-F874D515CE07} = {CC80CF82-095A-9A70-E4AA-4F39E72E717A}
		{36D591C7-65C7-A0D1-1CBC-10CDE441BDC8} = {827E0CD3-B72D-47B6-A68D-7590B98EB39B}
		{A31B6C83-82D8-43CC-9BF6-64B28A8AE764} = {36D591C7-65C7-A0D1-1CBC-10CDE441BDC8}
		{A6B75DA9-A0D5-4260-AE73-E480F3BBD0FE} = {36D591C7-65C7-A0D1-1CBC-10CDE441BDC8}
		{7B842D42-86CB-4D44-8A1D-2C96C9998F7C} = {36D591C7-65C7-A0D1-1CBC-10CDE441BDD0}
		{4DD30EA8-494E-4271-AEF3-FD5A66931E7D} = {7B842D42-86CB-4D44-8A1D-2C96C9998F7C}
		{C9FECD20-2A9B-4F99-9270-5AFD129274E2} = {7B842D42-86CB-4D44-8A1D-2C96C9998F7C}
		{A25B49F1-DEE6-4261-B73F-9D7A858B0A84} = {7B842D42-86CB-4D44-8A1D-2C96C9998F7C}
	EndGlobalSection
	GlobalSection(ExtensibilityGlobals) = postSolution
		SolutionGuid = {1B847B5A-FFF3-4059-8B39-FA5F565B5430}
	EndGlobalSection
EndGlobal
